// !$*UTF8*$!
{
	archiveVersion = 1;
	classes = {
	};
	objectVersion = 56;
	objects = {

/* Begin PBXBuildFile section */
		6D0FCB802B7E71AA0018C305 /* MovieAppApp.swift in Sources */ = {isa = PBXBuildFile; fileRef = 6D0FCB7F2B7E71AA0018C305 /* MovieAppApp.swift */; };
		6D0FCB822B7E71AA0018C305 /* ContentView.swift in Sources */ = {isa = PBXBuildFile; fileRef = 6D0FCB812B7E71AA0018C305 /* ContentView.swift */; };
		6D0FCB842B7E71AD0018C305 /* Assets.xcassets in Resources */ = {isa = PBXBuildFile; fileRef = 6D0FCB832B7E71AD0018C305 /* Assets.xcassets */; };
		6D0FCB872B7E71AD0018C305 /* Preview Assets.xcassets in Resources */ = {isa = PBXBuildFile; fileRef = 6D0FCB862B7E71AD0018C305 /* Preview Assets.xcassets */; };
		6D0FCB912B7E71AE0018C305 /* MovieAppTests.swift in Sources */ = {isa = PBXBuildFile; fileRef = 6D0FCB902B7E71AE0018C305 /* MovieAppTests.swift */; };
		6D0FCB9B2B7E71AE0018C305 /* MovieAppUITests.swift in Sources */ = {isa = PBXBuildFile; fileRef = 6D0FCB9A2B7E71AE0018C305 /* MovieAppUITests.swift */; };
		6D0FCB9D2B7E71AE0018C305 /* MovieAppUITestsLaunchTests.swift in Sources */ = {isa = PBXBuildFile; fileRef = 6D0FCB9C2B7E71AE0018C305 /* MovieAppUITestsLaunchTests.swift */; };
		6D0FCBAA2B7E72BA0018C305 /* Movie.swift in Sources */ = {isa = PBXBuildFile; fileRef = 6D0FCBA92B7E72BA0018C305 /* Movie.swift */; };
		6D0FCBAE2B7E73150018C305 /* NetworkService.swift in Sources */ = {isa = PBXBuildFile; fileRef = 6D0FCBAD2B7E73150018C305 /* NetworkService.swift */; };
		6D0FCBB22B7E790E0018C305 /* MovieViewModel.swift in Sources */ = {isa = PBXBuildFile; fileRef = 6D0FCBB12B7E790E0018C305 /* MovieViewModel.swift */; };
/* End PBXBuildFile section */

/* Begin PBXContainerItemProxy section */
		6D0FCB8D2B7E71AE0018C305 /* PBXContainerItemProxy */ = {
			isa = PBXContainerItemProxy;
			containerPortal = 6D0FCB742B7E71AA0018C305 /* Project object */;
			proxyType = 1;
			remoteGlobalIDString = 6D0FCB7B2B7E71AA0018C305;
			remoteInfo = MovieApp;
		};
		6D0FCB972B7E71AE0018C305 /* PBXContainerItemProxy */ = {
			isa = PBXContainerItemProxy;
			containerPortal = 6D0FCB742B7E71AA0018C305 /* Project object */;
			proxyType = 1;
			remoteGlobalIDString = 6D0FCB7B2B7E71AA0018C305;
			remoteInfo = MovieApp;
		};
/* End PBXContainerItemProxy section */

/* Begin PBXFileReference section */
		6D0FCB7C2B7E71AA0018C305 /* MovieApp.app */ = {isa = PBXFileReference; explicitFileType = wrapper.application; includeInIndex = 0; path = MovieApp.app; sourceTree = BUILT_PRODUCTS_DIR; };
		6D0FCB7F2B7E71AA0018C305 /* MovieAppApp.swift */ = {isa = PBXFileReference; lastKnownFileType = sourcecode.swift; path = MovieAppApp.swift; sourceTree = "<group>"; };
		6D0FCB812B7E71AA0018C305 /* ContentView.swift */ = {isa = PBXFileReference; lastKnownFileType = sourcecode.swift; path = ContentView.swift; sourceTree = "<group>"; };
		6D0FCB832B7E71AD0018C305 /* Assets.xcassets */ = {isa = PBXFileReference; lastKnownFileType = folder.assetcatalog; path = Assets.xcassets; sourceTree = "<group>"; };
		6D0FCB862B7E71AD0018C305 /* Preview Assets.xcassets */ = {isa = PBXFileReference; lastKnownFileType = folder.assetcatalog; path = "Preview Assets.xcassets"; sourceTree = "<group>"; };
		6D0FCB8C2B7E71AE0018C305 /* MovieAppTests.xctest */ = {isa = PBXFileReference; explicitFileType = wrapper.cfbundle; includeInIndex = 0; path = MovieAppTests.xctest; sourceTree = BUILT_PRODUCTS_DIR; };
		6D0FCB902B7E71AE0018C305 /* MovieAppTests.swift */ = {isa = PBXFileReference; lastKnownFileType = sourcecode.swift; path = MovieAppTests.swift; sourceTree = "<group>"; };
		6D0FCB962B7E71AE0018C305 /* MovieAppUITests.xctest */ = {isa = PBXFileReference; explicitFileType = wrapper.cfbundle; includeInIndex = 0; path = MovieAppUITests.xctest; sourceTree = BUILT_PRODUCTS_DIR; };
		6D0FCB9A2B7E71AE0018C305 /* MovieAppUITests.swift */ = {isa = PBXFileReference; lastKnownFileType = sourcecode.swift; path = MovieAppUITests.swift; sourceTree = "<group>"; };
		6D0FCB9C2B7E71AE0018C305 /* MovieAppUITestsLaunchTests.swift */ = {isa = PBXFileReference; lastKnownFileType = sourcecode.swift; path = MovieAppUITestsLaunchTests.swift; sourceTree = "<group>"; };
		6D0FCBA92B7E72BA0018C305 /* Movie.swift */ = {isa = PBXFileReference; lastKnownFileType = sourcecode.swift; path = Movie.swift; sourceTree = "<group>"; };
		6D0FCBAD2B7E73150018C305 /* NetworkService.swift */ = {isa = PBXFileReference; lastKnownFileType = sourcecode.swift; path = NetworkService.swift; sourceTree = "<group>"; };
		6D0FCBB12B7E790E0018C305 /* MovieViewModel.swift */ = {isa = PBXFileReference; fileEncoding = 4; lastKnownFileType = sourcecode.swift; name = MovieViewModel.swift; path = ../../../../.Trash/MovieViewModel.swift; sourceTree = "<group>"; };
/* End PBXFileReference section */

/* Begin PBXFrameworksBuildPhase section */
		6D0FCB792B7E71AA0018C305 /* Frameworks */ = {
			isa = PBXFrameworksBuildPhase;
			buildActionMask = 2147483647;
			files = (
			);
			runOnlyForDeploymentPostprocessing = 0;
		};
		6D0FCB892B7E71AE0018C305 /* Frameworks */ = {
			isa = PBXFrameworksBuildPhase;
			buildActionMask = 2147483647;
			files = (
			);
			runOnlyForDeploymentPostprocessing = 0;
		};
		6D0FCB932B7E71AE0018C305 /* Frameworks */ = {
			isa = PBXFrameworksBuildPhase;
			buildActionMask = 2147483647;
			files = (
			);
			runOnlyForDeploymentPostprocessing = 0;
		};
/* End PBXFrameworksBuildPhase section */

/* Begin PBXGroup section */
		6D0FCB732B7E71AA0018C305 = {
			isa = PBXGroup;
			children = (
				6D0FCB7E2B7E71AA0018C305 /* MovieApp */,
				6D0FCB8F2B7E71AE0018C305 /* MovieAppTests */,
				6D0FCB992B7E71AE0018C305 /* MovieAppUITests */,
				6D0FCB7D2B7E71AA0018C305 /* Products */,
			);
			sourceTree = "<group>";
		};
		6D0FCB7D2B7E71AA0018C305 /* Products */ = {
			isa = PBXGroup;
			children = (
				6D0FCB7C2B7E71AA0018C305 /* MovieApp.app */,
				6D0FCB8C2B7E71AE0018C305 /* MovieAppTests.xctest */,
				6D0FCB962B7E71AE0018C305 /* MovieAppUITests.xctest */,
			);
			name = Products;
			sourceTree = "<group>";
		};
		6D0FCB7E2B7E71AA0018C305 /* MovieApp */ = {
			isa = PBXGroup;
			children = (
				6D0FCB7F2B7E71AA0018C305 /* MovieAppApp.swift */,
				6D0FCB812B7E71AA0018C305 /* ContentView.swift */,
				6D0FCB832B7E71AD0018C305 /* Assets.xcassets */,
				6D0FCB852B7E71AD0018C305 /* Preview Content */,
				6D0FCBA92B7E72BA0018C305 /* Movie.swift */,
				6D0FCBAD2B7E73150018C305 /* NetworkService.swift */,
				6D0FCBB12B7E790E0018C305 /* MovieViewModel.swift */,
			);
			path = MovieApp;
			sourceTree = "<group>";
		};
		6D0FCB852B7E71AD0018C305 /* Preview Content */ = {
			isa = PBXGroup;
			children = (
				6D0FCB862B7E71AD0018C305 /* Preview Assets.xcassets */,
			);
			path = "Preview Content";
			sourceTree = "<group>";
		};
		6D0FCB8F2B7E71AE0018C305 /* MovieAppTests */ = {
			isa = PBXGroup;
			children = (
				6D0FCB902B7E71AE0018C305 /* MovieAppTests.swift */,
			);
			path = MovieAppTests;
			sourceTree = "<group>";
		};
		6D0FCB992B7E71AE0018C305 /* MovieAppUITests */ = {
			isa = PBXGroup;
			children = (
				6D0FCB9A2B7E71AE0018C305 /* MovieAppUITests.swift */,
				6D0FCB9C2B7E71AE0018C305 /* MovieAppUITestsLaunchTests.swift */,
			);
			path = MovieAppUITests;
			sourceTree = "<group>";
		};
/* End PBXGroup section */

/* Begin PBXNativeTarget section */
		6D0FCB7B2B7E71AA0018C305 /* MovieApp */ = {
			isa = PBXNativeTarget;
			buildConfigurationList = 6D0FCBA02B7E71AE0018C305 /* Build configuration list for PBXNativeTarget "MovieApp" */;
			buildPhases = (
				6D0FCB782B7E71AA0018C305 /* Sources */,
				6D0FCB792B7E71AA0018C305 /* Frameworks */,
				6D0FCB7A2B7E71AA0018C305 /* Resources */,
			);
			buildRules = (
			);
			dependencies = (
			);
			name = MovieApp;
			productName = MovieApp;
			productReference = 6D0FCB7C2B7E71AA0018C305 /* MovieApp.app */;
			productType = "com.apple.product-type.application";
		};
		6D0FCB8B2B7E71AE0018C305 /* MovieAppTests */ = {
			isa = PBXNativeTarget;
			buildConfigurationList = 6D0FCBA32B7E71AE0018C305 /* Build configuration list for PBXNativeTarget "MovieAppTests" */;
			buildPhases = (
				6D0FCB882B7E71AE0018C305 /* Sources */,
				6D0FCB892B7E71AE0018C305 /* Frameworks */,
				6D0FCB8A2B7E71AE0018C305 /* Resources */,
			);
			buildRules = (
			);
			dependencies = (
				6D0FCB8E2B7E71AE0018C305 /* PBXTargetDependency */,
			);
			name = MovieAppTests;
			productName = MovieAppTests;
			productReference = 6D0FCB8C2B7E71AE0018C305 /* MovieAppTests.xctest */;
			productType = "com.apple.product-type.bundle.unit-test";
		};
		6D0FCB952B7E71AE0018C305 /* MovieAppUITests */ = {
			isa = PBXNativeTarget;
			buildConfigurationList = 6D0FCBA62B7E71AE0018C305 /* Build configuration list for PBXNativeTarget "MovieAppUITests" */;
			buildPhases = (
				6D0FCB922B7E71AE0018C305 /* Sources */,
				6D0FCB932B7E71AE0018C305 /* Frameworks */,
				6D0FCB942B7E71AE0018C305 /* Resources */,
			);
			buildRules = (
			);
			dependencies = (
				6D0FCB982B7E71AE0018C305 /* PBXTargetDependency */,
			);
			name = MovieAppUITests;
			productName = MovieAppUITests;
			productReference = 6D0FCB962B7E71AE0018C305 /* MovieAppUITests.xctest */;
			productType = "com.apple.product-type.bundle.ui-testing";
		};
/* End PBXNativeTarget section */

/* Begin PBXProject section */
		6D0FCB742B7E71AA0018C305 /* Project object */ = {
			isa = PBXProject;
			attributes = {
				BuildIndependentTargetsInParallel = 1;
				LastSwiftUpdateCheck = 1520;
				LastUpgradeCheck = 1520;
				TargetAttributes = {
					6D0FCB7B2B7E71AA0018C305 = {
						CreatedOnToolsVersion = 15.2;
					};
					6D0FCB8B2B7E71AE0018C305 = {
						CreatedOnToolsVersion = 15.2;
						TestTargetID = 6D0FCB7B2B7E71AA0018C305;
					};
					6D0FCB952B7E71AE0018C305 = {
						CreatedOnToolsVersion = 15.2;
						TestTargetID = 6D0FCB7B2B7E71AA0018C305;
					};
				};
			};
			buildConfigurationList = 6D0FCB772B7E71AA0018C305 /* Build configuration list for PBXProject "MovieApp" */;
			compatibilityVersion = "Xcode 14.0";
			developmentRegion = en;
			hasScannedForEncodings = 0;
			knownRegions = (
				en,
				Base,
			);
			mainGroup = 6D0FCB732B7E71AA0018C305;
			productRefGroup = 6D0FCB7D2B7E71AA0018C305 /* Products */;
			projectDirPath = "";
			projectRoot = "";
			targets = (
				6D0FCB7B2B7E71AA0018C305 /* MovieApp */,
				6D0FCB8B2B7E71AE0018C305 /* MovieAppTests */,
				6D0FCB952B7E71AE0018C305 /* MovieAppUITests */,
			);
		};
/* End PBXProject section */

/* Begin PBXResourcesBuildPhase section */
		6D0FCB7A2B7E71AA0018C305 /* Resources */ = {
			isa = PBXResourcesBuildPhase;
			buildActionMask = 2147483647;
			files = (
				6D0FCB872B7E71AD0018C305 /* Preview Assets.xcassets in Resources */,
				6D0FCB842B7E71AD0018C305 /* Assets.xcassets in Resources */,
			);
			runOnlyForDeploymentPostprocessing = 0;
		};
		6D0FCB8A2B7E71AE0018C305 /* Resources */ = {
			isa = PBXResourcesBuildPhase;
			buildActionMask = 2147483647;
			files = (
			);
			runOnlyForDeploymentPostprocessing = 0;
		};
		6D0FCB942B7E71AE0018C305 /* Resources */ = {
			isa = PBXResourcesBuildPhase;
			buildActionMask = 2147483647;
			files = (
			);
			runOnlyForDeploymentPostprocessing = 0;
		};
/* End PBXResourcesBuildPhase section */

/* Begin PBXSourcesBuildPhase section */
		6D0FCB782B7E71AA0018C305 /* Sources */ = {
			isa = PBXSourcesBuildPhase;
			buildActionMask = 2147483647;
			files = (
				6D0FCBAE2B7E73150018C305 /* NetworkService.swift in Sources */,
				6D0FCB822B7E71AA0018C305 /* ContentView.swift in Sources */,
				6D0FCB802B7E71AA0018C305 /* MovieAppApp.swift in Sources */,
				6D0FCBAA2B7E72BA0018C305 /* Movie.swift in Sources */,
				6D0FCBB22B7E790E0018C305 /* MovieViewModel.swift in Sources */,
			);
			runOnlyForDeploymentPostprocessing = 0;
		};
		6D0FCB882B7E71AE0018C305 /* Sources */ = {
			isa = PBXSourcesBuildPhase;
			buildActionMask = 2147483647;
			files = (
				6D0FCB912B7E71AE0018C305 /* MovieAppTests.swift in Sources */,
			);
			runOnlyForDeploymentPostprocessing = 0;
		};
		6D0FCB922B7E71AE0018C305 /* Sources */ = {
			isa = PBXSourcesBuildPhase;
			buildActionMask = 2147483647;
			files = (
				6D0FCB9D2B7E71AE0018C305 /* MovieAppUITestsLaunchTests.swift in Sources */,
				6D0FCB9B2B7E71AE0018C305 /* MovieAppUITests.swift in Sources */,
			);
			runOnlyForDeploymentPostprocessing = 0;
		};
/* End PBXSourcesBuildPhase section */

/* Begin PBXTargetDependency section */
		6D0FCB8E2B7E71AE0018C305 /* PBXTargetDependency */ = {
			isa = PBXTargetDependency;
			target = 6D0FCB7B2B7E71AA0018C305 /* MovieApp */;
			targetProxy = 6D0FCB8D2B7E71AE0018C305 /* PBXContainerItemProxy */;
		};
		6D0FCB982B7E71AE0018C305 /* PBXTargetDependency */ = {
			isa = PBXTargetDependency;
			target = 6D0FCB7B2B7E71AA0018C305 /* MovieApp */;
			targetProxy = 6D0FCB972B7E71AE0018C305 /* PBXContainerItemProxy */;
		};
/* End PBXTargetDependency section */

/* Begin XCBuildConfiguration section */
		6D0FCB9E2B7E71AE0018C305 /* Debug */ = {
			isa = XCBuildConfiguration;
			buildSettings = {
				ALWAYS_SEARCH_USER_PATHS = NO;
				ASSETCATALOG_COMPILER_GENERATE_SWIFT_ASSET_SYMBOL_EXTENSIONS = YES;
				CLANG_ANALYZER_NONNULL = YES;
				CLANG_ANALYZER_NUMBER_OBJECT_CONVERSION = YES_AGGRESSIVE;
				CLANG_CXX_LANGUAGE_STANDARD = "gnu++20";
				CLANG_ENABLE_MODULES = YES;
				CLANG_ENABLE_OBJC_ARC = YES;
				CLANG_ENABLE_OBJC_WEAK = YES;
				CLANG_WARN_BLOCK_CAPTURE_AUTORELEASING = YES;
				CLANG_WARN_BOOL_CONVERSION = YES;
				CLANG_WARN_COMMA = YES;
				CLANG_WARN_CONSTANT_CONVERSION = YES;
				CLANG_WARN_DEPRECATED_OBJC_IMPLEMENTATIONS = YES;
				CLANG_WARN_DIRECT_OBJC_ISA_USAGE = YES_ERROR;
				CLANG_WARN_DOCUMENTATION_COMMENTS = YES;
				CLANG_WARN_EMPTY_BODY = YES;
				CLANG_WARN_ENUM_CONVERSION = YES;
				CLANG_WARN_INFINITE_RECURSION = YES;
				CLANG_WARN_INT_CONVERSION = YES;
				CLANG_WARN_NON_LITERAL_NULL_CONVERSION = YES;
				CLANG_WARN_OBJC_IMPLICIT_RETAIN_SELF = YES;
				CLANG_WARN_OBJC_LITERAL_CONVERSION = YES;
				CLANG_WARN_OBJC_ROOT_CLASS = YES_ERROR;
				CLANG_WARN_QUOTED_INCLUDE_IN_FRAMEWORK_HEADER = YES;
				CLANG_WARN_RANGE_LOOP_ANALYSIS = YES;
				CLANG_WARN_STRICT_PROTOTYPES = YES;
				CLANG_WARN_SUSPICIOUS_MOVE = YES;
				CLANG_WARN_UNGUARDED_AVAILABILITY = YES_AGGRESSIVE;
				CLANG_WARN_UNREACHABLE_CODE = YES;
				CLANG_WARN__DUPLICATE_METHOD_MATCH = YES;
				COPY_PHASE_STRIP = NO;
				DEBUG_INFORMATION_FORMAT = dwarf;
				ENABLE_STRICT_OBJC_MSGSEND = YES;
				ENABLE_TESTABILITY = YES;
				ENABLE_USER_SCRIPT_SANDBOXING = YES;
				GCC_C_LANGUAGE_STANDARD = gnu17;
				GCC_DYNAMIC_NO_PIC = NO;
				GCC_NO_COMMON_BLOCKS = YES;
				GCC_OPTIMIZATION_LEVEL = 0;
				GCC_PREPROCESSOR_DEFINITIONS = (
					"DEBUG=1",
					"$(inherited)",
				);
				GCC_WARN_64_TO_32_BIT_CONVERSION = YES;
				GCC_WARN_ABOUT_RETURN_TYPE = YES_ERROR;
				GCC_WARN_UNDECLARED_SELECTOR = YES;
				GCC_WARN_UNINITIALIZED_AUTOS = YES_AGGRESSIVE;
				GCC_WARN_UNUSED_FUNCTION = YES;
				GCC_WARN_UNUSED_VARIABLE = YES;
				IPHONEOS_DEPLOYMENT_TARGET = 17.2;
				LOCALIZATION_PREFERS_STRING_CATALOGS = YES;
				MTL_ENABLE_DEBUG_INFO = INCLUDE_SOURCE;
				MTL_FAST_MATH = YES;
				ONLY_ACTIVE_ARCH = YES;
				SDKROOT = iphoneos;
				SWIFT_ACTIVE_COMPILATION_CONDITIONS = "DEBUG $(inherited)";
				SWIFT_OPTIMIZATION_LEVEL = "-Onone";
			};
			name = Debug;
		};
		6D0FCB9F2B7E71AE0018C305 /* Release */ = {
			isa = XCBuildConfiguration;
			buildSettings = {
				ALWAYS_SEARCH_USER_PATHS = NO;
				ASSETCATALOG_COMPILER_GENERATE_SWIFT_ASSET_SYMBOL_EXTENSIONS = YES;
				CLANG_ANALYZER_NONNULL = YES;
				CLANG_ANALYZER_NUMBER_OBJECT_CONVERSION = YES_AGGRESSIVE;
				CLANG_CXX_LANGUAGE_STANDARD = "gnu++20";
				CLANG_ENABLE_MODULES = YES;
				CLANG_ENABLE_OBJC_ARC = YES;
				CLANG_ENABLE_OBJC_WEAK = YES;
				CLANG_WARN_BLOCK_CAPTURE_AUTORELEASING = YES;
				CLANG_WARN_BOOL_CONVERSION = YES;
				CLANG_WARN_COMMA = YES;
				CLANG_WARN_CONSTANT_CONVERSION = YES;
				CLANG_WARN_DEPRECATED_OBJC_IMPLEMENTATIONS = YES;
				CLANG_WARN_DIRECT_OBJC_ISA_USAGE = YES_ERROR;
				CLANG_WARN_DOCUMENTATION_COMMENTS = YES;
				CLANG_WARN_EMPTY_BODY = YES;
				CLANG_WARN_ENUM_CONVERSION = YES;
				CLANG_WARN_INFINITE_RECURSION = YES;
				CLANG_WARN_INT_CONVERSION = YES;
				CLANG_WARN_NON_LITERAL_NULL_CONVERSION = YES;
				CLANG_WARN_OBJC_IMPLICIT_RETAIN_SELF = YES;
				CLANG_WARN_OBJC_LITERAL_CONVERSION = YES;
				CLANG_WARN_OBJC_ROOT_CLASS = YES_ERROR;
				CLANG_WARN_QUOTED_INCLUDE_IN_FRAMEWORK_HEADER = YES;
				CLANG_WARN_RANGE_LOOP_ANALYSIS = YES;
				CLANG_WARN_STRICT_PROTOTYPES = YES;
				CLANG_WARN_SUSPICIOUS_MOVE = YES;
				CLANG_WARN_UNGUARDED_AVAILABILITY = YES_AGGRESSIVE;
				CLANG_WARN_UNREACHABLE_CODE = YES;
				CLANG_WARN__DUPLICATE_METHOD_MATCH = YES;
				COPY_PHASE_STRIP = NO;
				DEBUG_INFORMATION_FORMAT = "dwarf-with-dsym";
				ENABLE_NS_ASSERTIONS = NO;
				ENABLE_STRICT_OBJC_MSGSEND = YES;
				ENABLE_USER_SCRIPT_SANDBOXING = YES;
				GCC_C_LANGUAGE_STANDARD = gnu17;
				GCC_NO_COMMON_BLOCKS = YES;
				GCC_WARN_64_TO_32_BIT_CONVERSION = YES;
				GCC_WARN_ABOUT_RETURN_TYPE = YES_ERROR;
				GCC_WARN_UNDECLARED_SELECTOR = YES;
				GCC_WARN_UNINITIALIZED_AUTOS = YES_AGGRESSIVE;
				GCC_WARN_UNUSED_FUNCTION = YES;
				GCC_WARN_UNUSED_VARIABLE = YES;
				IPHONEOS_DEPLOYMENT_TARGET = 17.2;
				LOCALIZATION_PREFERS_STRING_CATALOGS = YES;
				MTL_ENABLE_DEBUG_INFO = NO;
				MTL_FAST_MATH = YES;
				SDKROOT = iphoneos;
				SWIFT_COMPILATION_MODE = wholemodule;
				VALIDATE_PRODUCT = YES;
			};
			name = Release;
		};
		6D0FCBA12B7E71AE0018C305 /* Debug */ = {
			isa = XCBuildConfiguration;
			buildSettings = {
				ASSETCATALOG_COMPILER_APPICON_NAME = AppIcon;
				ASSETCATALOG_COMPILER_GLOBAL_ACCENT_COLOR_NAME = AccentColor;
				CODE_SIGN_STYLE = Automatic;
				CURRENT_PROJECT_VERSION = 1;
				DEVELOPMENT_ASSET_PATHS = "\"MovieApp/Preview Content\"";
				DEVELOPMENT_TEAM = 554LZY7MX6;
				ENABLE_PREVIEWS = YES;
				GENERATE_INFOPLIST_FILE = YES;
				INFOPLIST_KEY_UIApplicationSceneManifest_Generation = YES;
				INFOPLIST_KEY_UIApplicationSupportsIndirectInputEvents = YES;
				INFOPLIST_KEY_UILaunchScreen_Generation = YES;
				INFOPLIST_KEY_UISupportedInterfaceOrientations_iPad = "UIInterfaceOrientationPortrait UIInterfaceOrientationPortraitUpsideDown UIInterfaceOrientationLandscapeLeft UIInterfaceOrientationLandscapeRight";
				INFOPLIST_KEY_UISupportedInterfaceOrientations_iPhone = "UIInterfaceOrientationPortrait UIInterfaceOrientationLandscapeLeft UIInterfaceOrientationLandscapeRight";
				LD_RUNPATH_SEARCH_PATHS = (
					"$(inherited)",
					"@executable_path/Frameworks",
				);
				MARKETING_VERSION = 1.0;
				PRODUCT_BUNDLE_IDENTIFIER = com.mikhail.MovieApp;
				PRODUCT_NAME = "$(TARGET_NAME)";
				SWIFT_EMIT_LOC_STRINGS = YES;
				SWIFT_VERSION = 5.0;
				TARGETED_DEVICE_FAMILY = "1,2";
			};
			name = Debug;
		};
		6D0FCBA22B7E71AE0018C305 /* Release */ = {
			isa = XCBuildConfiguration;
			buildSettings = {
				ASSETCATALOG_COMPILER_APPICON_NAME = AppIcon;
				ASSETCATALOG_COMPILER_GLOBAL_ACCENT_COLOR_NAME = AccentColor;
				CODE_SIGN_STYLE = Automatic;
				CURRENT_PROJECT_VERSION = 1;
				DEVELOPMENT_ASSET_PATHS = "\"MovieApp/Preview Content\"";
				DEVELOPMENT_TEAM = 554LZY7MX6;
				ENABLE_PREVIEWS = YES;
				GENERATE_INFOPLIST_FILE = YES;
				INFOPLIST_KEY_UIApplicationSceneManifest_Generation = YES;
				INFOPLIST_KEY_UIApplicationSupportsIndirectInputEvents = YES;
				INFOPLIST_KEY_UILaunchScreen_Generation = YES;
				INFOPLIST_KEY_UISupportedInterfaceOrientations_iPad = "UIInterfaceOrientationPortrait UIInterfaceOrientationPortraitUpsideDown UIInterfaceOrientationLandscapeLeft UIInterfaceOrientationLandscapeRight";
				INFOPLIST_KEY_UISupportedInterfaceOrientations_iPhone = "UIInterfaceOrientationPortrait UIInterfaceOrientationLandscapeLeft UIInterfaceOrientationLandscapeRight";
				LD_RUNPATH_SEARCH_PATHS = (
					"$(inherited)",
					"@executable_path/Frameworks",
				);
				MARKETING_VERSION = 1.0;
				PRODUCT_BUNDLE_IDENTIFIER = com.mikhail.MovieApp;
				PRODUCT_NAME = "$(TARGET_NAME)";
				SWIFT_EMIT_LOC_STRINGS = YES;
				SWIFT_VERSION = 5.0;
				TARGETED_DEVICE_FAMILY = "1,2";
			};
			name = Release;
		};
		6D0FCBA42B7E71AE0018C305 /* Debug */ = {
			isa = XCBuildConfiguration;
			buildSettings = {
				ALWAYS_EMBED_SWIFT_STANDARD_LIBRARIES = YES;
				BUNDLE_LOADER = "$(TEST_HOST)";
				CODE_SIGN_STYLE = Automatic;
				CURRENT_PROJECT_VERSION = 1;
				DEVELOPMENT_TEAM = 554LZY7MX6;
				GENERATE_INFOPLIST_FILE = YES;
				IPHONEOS_DEPLOYMENT_TARGET = 17.2;
				MARKETING_VERSION = 1.0;
				PRODUCT_BUNDLE_IDENTIFIER = com.mikhail.MovieAppTests;
				PRODUCT_NAME = "$(TARGET_NAME)";
				SWIFT_EMIT_LOC_STRINGS = NO;
				SWIFT_VERSION = 5.0;
				TARGETED_DEVICE_FAMILY = "1,2";
				TEST_HOST = "$(BUILT_PRODUCTS_DIR)/MovieApp.app/$(BUNDLE_EXECUTABLE_FOLDER_PATH)/MovieApp";
			};
			name = Debug;
		};
		6D0FCBA52B7E71AE0018C305 /* Release */ = {
			isa = XCBuildConfiguration;
			buildSettings = {
				ALWAYS_EMBED_SWIFT_STANDARD_LIBRARIES = YES;
				BUNDLE_LOADER = "$(TEST_HOST)";
				CODE_SIGN_STYLE = Automatic;
				CURRENT_PROJECT_VERSION = 1;
				DEVELOPMENT_TEAM = 554LZY7MX6;
				GENERATE_INFOPLIST_FILE = YES;
				IPHONEOS_DEPLOYMENT_TARGET = 17.2;
				MARKETING_VERSION = 1.0;
				PRODUCT_BUNDLE_IDENTIFIER = com.mikhail.MovieAppTests;
				PRODUCT_NAME = "$(TARGET_NAME)";
				SWIFT_EMIT_LOC_STRINGS = NO;
				SWIFT_VERSION = 5.0;
				TARGETED_DEVICE_FAMILY = "1,2";
				TEST_HOST = "$(BUILT_PRODUCTS_DIR)/MovieApp.app/$(BUNDLE_EXECUTABLE_FOLDER_PATH)/MovieApp";
			};
			name = Release;
		};
		6D0FCBA72B7E71AE0018C305 /* Debug */ = {
			isa = XCBuildConfiguration;
			buildSettings = {
				ALWAYS_EMBED_SWIFT_STANDARD_LIBRARIES = YES;
				CODE_SIGN_STYLE = Automatic;
				CURRENT_PROJECT_VERSION = 1;
				DEVELOPMENT_TEAM = 554LZY7MX6;
				GENERATE_INFOPLIST_FILE = YES;
				MARKETING_VERSION = 1.0;
				PRODUCT_BUNDLE_IDENTIFIER = com.mikhail.MovieAppUITests;
				PRODUCT_NAME = "$(TARGET_NAME)";
				SWIFT_EMIT_LOC_STRINGS = NO;
				SWIFT_VERSION = 5.0;
				TARGETED_DEVICE_FAMILY = "1,2";
				TEST_TARGET_NAME = MovieApp;
			};
			name = Debug;
		};
		6D0FCBA82B7E71AE0018C305 /* Release */ = {
			isa = XCBuildConfiguration;
			buildSettings = {
				ALWAYS_EMBED_SWIFT_STANDARD_LIBRARIES = YES;
				CODE_SIGN_STYLE = Automatic;
				CURRENT_PROJECT_VERSION = 1;
				DEVELOPMENT_TEAM = 554LZY7MX6;
				GENERATE_INFOPLIST_FILE = YES;
				MARKETING_VERSION = 1.0;
				PRODUCT_BUNDLE_IDENTIFIER = com.mikhail.MovieAppUITests;
				PRODUCT_NAME = "$(TARGET_NAME)";
				SWIFT_EMIT_LOC_STRINGS = NO;
				SWIFT_VERSION = 5.0;
				TARGETED_DEVICE_FAMILY = "1,2";
				TEST_TARGET_NAME = MovieApp;
			};
			name = Release;
		};
/* End XCBuildConfiguration section */

/* Begin XCConfigurationList section */
		6D0FCB772B7E71AA0018C305 /* Build configuration list for PBXProject "MovieApp" */ = {
			isa = XCConfigurationList;
			buildConfigurations = (
				6D0FCB9E2B7E71AE0018C305 /* Debug */,
				6D0FCB9F2B7E71AE0018C305 /* Release */,
			);
			defaultConfigurationIsVisible = 0;
			defaultConfigurationName = Release;
		};
		6D0FCBA02B7E71AE0018C305 /* Build configuration list for PBXNativeTarget "MovieApp" */ = {
			isa = XCConfigurationList;
			buildConfigurations = (
				6D0FCBA12B7E71AE0018C305 /* Debug */,
				6D0FCBA22B7E71AE0018C305 /* Release */,
			);
			defaultConfigurationIsVisible = 0;
			defaultConfigurationName = Release;
		};
		6D0FCBA32B7E71AE0018C305 /* Build configuration list for PBXNativeTarget "MovieAppTests" */ = {
			isa = XCConfigurationList;
			buildConfigurations = (
				6D0FCBA42B7E71AE0018C305 /* Debug */,
				6D0FCBA52B7E71AE0018C305 /* Release */,
			);
			defaultConfigurationIsVisible = 0;
			defaultConfigurationName = Release;
		};
		6D0FCBA62B7E71AE0018C305 /* Build configuration list for PBXNativeTarget "MovieAppUITests" */ = {
			isa = XCConfigurationList;
			buildConfigurations = (
				6D0FCBA72B7E71AE0018C305 /* Debug */,
				6D0FCBA82B7E71AE0018C305 /* Release */,
			);
			defaultConfigurationIsVisible = 0;
			defaultConfigurationName = Release;
		};
/* End XCConfigurationList section */
	};
	rootObject = 6D0FCB742B7E71AA0018C305 /* Project object */;
}
